// !$*UTF8*$!
{
	archiveVersion = 1;
	classes = {
	};
	objectVersion = 50;
	objects = {

/* Begin PBXBuildFile section */
		31215BD22406B34C00BF54C0 /* LibraryAlbumViewCell.swift in Sources */ = {isa = PBXBuildFile; fileRef = 31215BD12406B34C00BF54C0 /* LibraryAlbumViewCell.swift */; };
		31215BD52406BC6900BF54C0 /* Font Awesome 5 Free-Solid-900.otf in Resources */ = {isa = PBXBuildFile; fileRef = 31215BD32406BC6800BF54C0 /* Font Awesome 5 Free-Solid-900.otf */; };
		31215BD62406BC6900BF54C0 /* Font Awesome 5 Free-Regular-400.otf in Resources */ = {isa = PBXBuildFile; fileRef = 31215BD42406BC6900BF54C0 /* Font Awesome 5 Free-Regular-400.otf */; };
		31215BD82406C80E00BF54C0 /* MainViewCell.swift in Sources */ = {isa = PBXBuildFile; fileRef = 31215BD72406C80E00BF54C0 /* MainViewCell.swift */; };
		313EADF12404E8B20003C940 /* AppDelegate.swift in Sources */ = {isa = PBXBuildFile; fileRef = 313EADF02404E8B20003C940 /* AppDelegate.swift */; };
		313EADF82404E8B20003C940 /* Main.storyboard in Resources */ = {isa = PBXBuildFile; fileRef = 313EADF62404E8B20003C940 /* Main.storyboard */; };
		313EADFA2404E8B50003C940 /* Assets.xcassets in Resources */ = {isa = PBXBuildFile; fileRef = 313EADF92404E8B50003C940 /* Assets.xcassets */; };
		313EADFD2404E8B50003C940 /* LaunchScreen.storyboard in Resources */ = {isa = PBXBuildFile; fileRef = 313EADFB2404E8B50003C940 /* LaunchScreen.storyboard */; };
		313EAE072404EA080003C940 /* LibraryAlbumViewController.swift in Sources */ = {isa = PBXBuildFile; fileRef = 313EAE062404EA080003C940 /* LibraryAlbumViewController.swift */; };
		313EAE0B2404EA7A0003C940 /* MainViewController.swift in Sources */ = {isa = PBXBuildFile; fileRef = 313EAE0A2404EA7A0003C940 /* MainViewController.swift */; };
		313EAE0D2406A1CE0003C940 /* LibraryPhotoViewController.swift in Sources */ = {isa = PBXBuildFile; fileRef = 313EAE0C2406A1CE0003C940 /* LibraryPhotoViewController.swift */; };
		313EAE0F2406A2540003C940 /* LibraryPhotoViewHeader.swift in Sources */ = {isa = PBXBuildFile; fileRef = 313EAE0E2406A2540003C940 /* LibraryPhotoViewHeader.swift */; };
		313EAE112406A26A0003C940 /* LibraryPhotoViewCell.swift in Sources */ = {isa = PBXBuildFile; fileRef = 313EAE102406A26A0003C940 /* LibraryPhotoViewCell.swift */; };
/* End PBXBuildFile section */

/* Begin PBXFileReference section */
		31215BD12406B34C00BF54C0 /* LibraryAlbumViewCell.swift */ = {isa = PBXFileReference; lastKnownFileType = sourcecode.swift; path = LibraryAlbumViewCell.swift; sourceTree = "<group>"; };
		31215BD32406BC6800BF54C0 /* Font Awesome 5 Free-Solid-900.otf */ = {isa = PBXFileReference; lastKnownFileType = file; path = "Font Awesome 5 Free-Solid-900.otf"; sourceTree = "<group>"; };
		31215BD42406BC6900BF54C0 /* Font Awesome 5 Free-Regular-400.otf */ = {isa = PBXFileReference; lastKnownFileType = file; path = "Font Awesome 5 Free-Regular-400.otf"; sourceTree = "<group>"; };
		31215BD72406C80E00BF54C0 /* MainViewCell.swift */ = {isa = PBXFileReference; lastKnownFileType = sourcecode.swift; path = MainViewCell.swift; sourceTree = "<group>"; };
		31215BD92408188F00BF54C0 /* ja */ = {isa = PBXFileReference; lastKnownFileType = text.plist.strings; name = ja; path = ja.lproj/LaunchScreen.strings; sourceTree = "<group>"; };
		31215BDA2408189000BF54C0 /* ja */ = {isa = PBXFileReference; lastKnownFileType = text.plist.strings; name = ja; path = ja.lproj/Main.strings; sourceTree = "<group>"; };
		313EADED2404E8B20003C940 /* PhotosMultiSelect.app */ = {isa = PBXFileReference; explicitFileType = wrapper.application; includeInIndex = 0; path = PhotosMultiSelect.app; sourceTree = BUILT_PRODUCTS_DIR; };
		313EADF02404E8B20003C940 /* AppDelegate.swift */ = {isa = PBXFileReference; lastKnownFileType = sourcecode.swift; path = AppDelegate.swift; sourceTree = "<group>"; };
		313EADF72404E8B20003C940 /* Base */ = {isa = PBXFileReference; lastKnownFileType = file.storyboard; name = Base; path = Base.lproj/Main.storyboard; sourceTree = "<group>"; };
		313EADF92404E8B50003C940 /* Assets.xcassets */ = {isa = PBXFileReference; lastKnownFileType = folder.assetcatalog; path = Assets.xcassets; sourceTree = "<group>"; };
		313EADFC2404E8B50003C940 /* Base */ = {isa = PBXFileReference; lastKnownFileType = file.storyboard; name = Base; path = Base.lproj/LaunchScreen.storyboard; sourceTree = "<group>"; };
		313EADFE2404E8B50003C940 /* Info.plist */ = {isa = PBXFileReference; lastKnownFileType = text.plist.xml; path = Info.plist; sourceTree = "<group>"; };
		313EAE062404EA080003C940 /* LibraryAlbumViewController.swift */ = {isa = PBXFileReference; lastKnownFileType = sourcecode.swift; path = LibraryAlbumViewController.swift; sourceTree = "<group>"; };
		313EAE0A2404EA7A0003C940 /* MainViewController.swift */ = {isa = PBXFileReference; lastKnownFileType = sourcecode.swift; path = MainViewController.swift; sourceTree = "<group>"; };
		313EAE0C2406A1CE0003C940 /* LibraryPhotoViewController.swift */ = {isa = PBXFileReference; lastKnownFileType = sourcecode.swift; path = LibraryPhotoViewController.swift; sourceTree = "<group>"; };
		313EAE0E2406A2540003C940 /* LibraryPhotoViewHeader.swift */ = {isa = PBXFileReference; lastKnownFileType = sourcecode.swift; path = LibraryPhotoViewHeader.swift; sourceTree = "<group>"; };
		313EAE102406A26A0003C940 /* LibraryPhotoViewCell.swift */ = {isa = PBXFileReference; lastKnownFileType = sourcecode.swift; path = LibraryPhotoViewCell.swift; sourceTree = "<group>"; };
/* End PBXFileReference section */

/* Begin PBXFrameworksBuildPhase section */
		313EADEA2404E8B20003C940 /* Frameworks */ = {
			isa = PBXFrameworksBuildPhase;
			buildActionMask = 2147483647;
			files = (
			);
			runOnlyForDeploymentPostprocessing = 0;
		};
/* End PBXFrameworksBuildPhase section */

/* Begin PBXGroup section */
		313EADE42404E8B20003C940 = {
			isa = PBXGroup;
			children = (
				313EADEF2404E8B20003C940 /* PhotosMultiSelect */,
				313EADEE2404E8B20003C940 /* Products */,
			);
			sourceTree = "<group>";
		};
		313EADEE2404E8B20003C940 /* Products */ = {
			isa = PBXGroup;
			children = (
				313EADED2404E8B20003C940 /* PhotosMultiSelect.app */,
			);
			name = Products;
			sourceTree = "<group>";
		};
		313EADEF2404E8B20003C940 /* PhotosMultiSelect */ = {
			isa = PBXGroup;
			children = (
				31215BD42406BC6900BF54C0 /* Font Awesome 5 Free-Regular-400.otf */,
				31215BD32406BC6800BF54C0 /* Font Awesome 5 Free-Solid-900.otf */,
				313EADFE2404E8B50003C940 /* Info.plist */,
				313EADF02404E8B20003C940 /* AppDelegate.swift */,
				31215BD12406B34C00BF54C0 /* LibraryAlbumViewCell.swift */,
				313EAE062404EA080003C940 /* LibraryAlbumViewController.swift */,
				313EAE102406A26A0003C940 /* LibraryPhotoViewCell.swift */,
				313EAE0C2406A1CE0003C940 /* LibraryPhotoViewController.swift */,
				313EAE0E2406A2540003C940 /* LibraryPhotoViewHeader.swift */,
				31215BD72406C80E00BF54C0 /* MainViewCell.swift */,
				313EAE0A2404EA7A0003C940 /* MainViewController.swift */,
				313EADF92404E8B50003C940 /* Assets.xcassets */,
				313EADFB2404E8B50003C940 /* LaunchScreen.storyboard */,
				313EADF62404E8B20003C940 /* Main.storyboard */,
			);
			path = PhotosMultiSelect;
			sourceTree = "<group>";
		};
/* End PBXGroup section */

/* Begin PBXNativeTarget section */
		313EADEC2404E8B20003C940 /* PhotosMultiSelect */ = {
			isa = PBXNativeTarget;
			buildConfigurationList = 313EAE012404E8B50003C940 /* Build configuration list for PBXNativeTarget "PhotosMultiSelect" */;
			buildPhases = (
				313EADE92404E8B20003C940 /* Sources */,
				313EADEA2404E8B20003C940 /* Frameworks */,
				313EADEB2404E8B20003C940 /* Resources */,
			);
			buildRules = (
			);
			dependencies = (
			);
			name = PhotosMultiSelect;
			productName = PhotosMultiSelect;
			productReference = 313EADED2404E8B20003C940 /* PhotosMultiSelect.app */;
			productType = "com.apple.product-type.application";
		};
/* End PBXNativeTarget section */

/* Begin PBXProject section */
		313EADE52404E8B20003C940 /* Project object */ = {
			isa = PBXProject;
			attributes = {
				LastSwiftUpdateCheck = 1120;
				LastUpgradeCheck = 1120;
				ORGANIZATIONNAME = grassrunners;
				TargetAttributes = {
					313EADEC2404E8B20003C940 = {
						CreatedOnToolsVersion = 11.2.1;
					};
				};
			};
			buildConfigurationList = 313EADE82404E8B20003C940 /* Build configuration list for PBXProject "PhotosMultiSelect" */;
			compatibilityVersion = "Xcode 9.3";
			developmentRegion = en;
			hasScannedForEncodings = 0;
			knownRegions = (
				en,
				Base,
				ja,
			);
			mainGroup = 313EADE42404E8B20003C940;
			productRefGroup = 313EADEE2404E8B20003C940 /* Products */;
			projectDirPath = "";
			projectRoot = "";
			targets = (
				313EADEC2404E8B20003C940 /* PhotosMultiSelect */,
			);
		};
/* End PBXProject section */

/* Begin PBXResourcesBuildPhase section */
		313EADEB2404E8B20003C940 /* Resources */ = {
			isa = PBXResourcesBuildPhase;
			buildActionMask = 2147483647;
			files = (
				313EADFD2404E8B50003C940 /* LaunchScreen.storyboard in Resources */,
				313EADFA2404E8B50003C940 /* Assets.xcassets in Resources */,
				313EADF82404E8B20003C940 /* Main.storyboard in Resources */,
				31215BD52406BC6900BF54C0 /* Font Awesome 5 Free-Solid-900.otf in Resources */,
				31215BD62406BC6900BF54C0 /* Font Awesome 5 Free-Regular-400.otf in Resources */,
			);
			runOnlyForDeploymentPostprocessing = 0;
		};
/* End PBXResourcesBuildPhase section */

/* Begin PBXSourcesBuildPhase section */
		313EADE92404E8B20003C940 /* Sources */ = {
			isa = PBXSourcesBuildPhase;
			buildActionMask = 2147483647;
			files = (
				313EAE0B2404EA7A0003C940 /* MainViewController.swift in Sources */,
				31215BD22406B34C00BF54C0 /* LibraryAlbumViewCell.swift in Sources */,
				313EAE0D2406A1CE0003C940 /* LibraryPhotoViewController.swift in Sources */,
				313EADF12404E8B20003C940 /* AppDelegate.swift in Sources */,
				313EAE0F2406A2540003C940 /* LibraryPhotoViewHeader.swift in Sources */,
				31215BD82406C80E00BF54C0 /* MainViewCell.swift in Sources */,
				313EAE112406A26A0003C940 /* LibraryPhotoViewCell.swift in Sources */,
				313EAE072404EA080003C940 /* LibraryAlbumViewController.swift in Sources */,
			);
			runOnlyForDeploymentPostprocessing = 0;
		};
/* End PBXSourcesBuildPhase section */

/* Begin PBXVariantGroup section */
		313EADF62404E8B20003C940 /* Main.storyboard */ = {
			isa = PBXVariantGroup;
			children = (
				313EADF72404E8B20003C940 /* Base */,
				31215BDA2408189000BF54C0 /* ja */,
			);
			name = Main.storyboard;
			sourceTree = "<group>";
		};
		313EADFB2404E8B50003C940 /* LaunchScreen.storyboard */ = {
			isa = PBXVariantGroup;
			children = (
				313EADFC2404E8B50003C940 /* Base */,
				31215BD92408188F00BF54C0 /* ja */,
			);
			name = LaunchScreen.storyboard;
			sourceTree = "<group>";
		};
/* End PBXVariantGroup section */

/* Begin XCBuildConfiguration section */
		313EADFF2404E8B50003C940 /* Debug */ = {
			isa = XCBuildConfiguration;
			buildSettings = {
				ALWAYS_SEARCH_USER_PATHS = NO;
				CLANG_ANALYZER_LOCALIZABILITY_NONLOCALIZED = YES;
				CLANG_ANALYZER_NONNULL = YES;
				CLANG_ANALYZER_NUMBER_OBJECT_CONVERSION = YES_AGGRESSIVE;
				CLANG_CXX_LANGUAGE_STANDARD = "gnu++14";
				CLANG_CXX_LIBRARY = "libc++";
				CLANG_ENABLE_MODULES = YES;
				CLANG_ENABLE_OBJC_ARC = YES;
				CLANG_ENABLE_OBJC_WEAK = YES;
				CLANG_WARN_BLOCK_CAPTURE_AUTORELEASING = YES;
				CLANG_WARN_BOOL_CONVERSION = YES;
				CLANG_WARN_COMMA = YES;
				CLANG_WARN_CONSTANT_CONVERSION = YES;
				CLANG_WARN_DEPRECATED_OBJC_IMPLEMENTATIONS = YES;
				CLANG_WARN_DIRECT_OBJC_ISA_USAGE = YES_ERROR;
				CLANG_WARN_DOCUMENTATION_COMMENTS = YES;
				CLANG_WARN_EMPTY_BODY = YES;
				CLANG_WARN_ENUM_CONVERSION = YES;
				CLANG_WARN_INFINITE_RECURSION = YES;
				CLANG_WARN_INT_CONVERSION = YES;
				CLANG_WARN_NON_LITERAL_NULL_CONVERSION = YES;
				CLANG_WARN_OBJC_IMPLICIT_RETAIN_SELF = YES;
				CLANG_WARN_OBJC_LITERAL_CONVERSION = YES;
				CLANG_WARN_OBJC_ROOT_CLASS = YES_ERROR;
				CLANG_WARN_RANGE_LOOP_ANALYSIS = YES;
				CLANG_WARN_STRICT_PROTOTYPES = YES;
				CLANG_WARN_SUSPICIOUS_MOVE = YES;
				CLANG_WARN_UNGUARDED_AVAILABILITY = YES_AGGRESSIVE;
				CLANG_WARN_UNREACHABLE_CODE = YES;
				CLANG_WARN__DUPLICATE_METHOD_MATCH = YES;
				COPY_PHASE_STRIP = NO;
				DEBUG_INFORMATION_FORMAT = dwarf;
				ENABLE_STRICT_OBJC_MSGSEND = YES;
				ENABLE_TESTABILITY = YES;
				GCC_C_LANGUAGE_STANDARD = gnu11;
				GCC_DYNAMIC_NO_PIC = NO;
				GCC_NO_COMMON_BLOCKS = YES;
				GCC_OPTIMIZATION_LEVEL = 0;
				GCC_PREPROCESSOR_DEFINITIONS = (
					"DEBUG=1",
					"$(inherited)",
				);
				GCC_WARN_64_TO_32_BIT_CONVERSION = YES;
				GCC_WARN_ABOUT_RETURN_TYPE = YES_ERROR;
				GCC_WARN_UNDECLARED_SELECTOR = YES;
				GCC_WARN_UNINITIALIZED_AUTOS = YES_AGGRESSIVE;
				GCC_WARN_UNUSED_FUNCTION = YES;
				GCC_WARN_UNUSED_VARIABLE = YES;
				IPHONEOS_DEPLOYMENT_TARGET = 13.2;
				MTL_ENABLE_DEBUG_INFO = INCLUDE_SOURCE;
				MTL_FAST_MATH = YES;
				ONLY_ACTIVE_ARCH = YES;
				SDKROOT = iphoneos;
				SWIFT_ACTIVE_COMPILATION_CONDITIONS = DEBUG;
				SWIFT_OPTIMIZATION_LEVEL = "-Onone";
			};
			name = Debug;
		};
		313EAE002404E8B50003C940 /* Release */ = {
			isa = XCBuildConfiguration;
			buildSettings = {
				ALWAYS_SEARCH_USER_PATHS = NO;
				CLANG_ANALYZER_LOCALIZABILITY_NONLOCALIZED = YES;
				CLANG_ANALYZER_NONNULL = YES;
				CLANG_ANALYZER_NUMBER_OBJECT_CONVERSION = YES_AGGRESSIVE;
				CLANG_CXX_LANGUAGE_STANDARD = "gnu++14";
				CLANG_CXX_LIBRARY = "libc++";
				CLANG_ENABLE_MODULES = YES;
				CLANG_ENABLE_OBJC_ARC = YES;
				CLANG_ENABLE_OBJC_WEAK = YES;
				CLANG_WARN_BLOCK_CAPTURE_AUTORELEASING = YES;
				CLANG_WARN_BOOL_CONVERSION = YES;
				CLANG_WARN_COMMA = YES;
				CLANG_WARN_CONSTANT_CONVERSION = YES;
				CLANG_WARN_DEPRECATED_OBJC_IMPLEMENTATIONS = YES;
				CLANG_WARN_DIRECT_OBJC_ISA_USAGE = YES_ERROR;
				CLANG_WARN_DOCUMENTATION_COMMENTS = YES;
				CLANG_WARN_EMPTY_BODY = YES;
				CLANG_WARN_ENUM_CONVERSION = YES;
				CLANG_WARN_INFINITE_RECURSION = YES;
				CLANG_WARN_INT_CONVERSION = YES;
				CLANG_WARN_NON_LITERAL_NULL_CONVERSION = YES;
				CLANG_WARN_OBJC_IMPLICIT_RETAIN_SELF = YES;
				CLANG_WARN_OBJC_LITERAL_CONVERSION = YES;
				CLANG_WARN_OBJC_ROOT_CLASS = YES_ERROR;
				CLANG_WARN_RANGE_LOOP_ANALYSIS = YES;
				CLANG_WARN_STRICT_PROTOTYPES = YES;
				CLANG_WARN_SUSPICIOUS_MOVE = YES;
				CLANG_WARN_UNGUARDED_AVAILABILITY = YES_AGGRESSIVE;
				CLANG_WARN_UNREACHABLE_CODE = YES;
				CLANG_WARN__DUPLICATE_METHOD_MATCH = YES;
				COPY_PHASE_STRIP = NO;
				DEBUG_INFORMATION_FORMAT = "dwarf-with-dsym";
				ENABLE_NS_ASSERTIONS = NO;
				ENABLE_STRICT_OBJC_MSGSEND = YES;
				GCC_C_LANGUAGE_STANDARD = gnu11;
				GCC_NO_COMMON_BLOCKS = YES;
				GCC_WARN_64_TO_32_BIT_CONVERSION = YES;
				GCC_WARN_ABOUT_RETURN_TYPE = YES_ERROR;
				GCC_WARN_UNDECLARED_SELECTOR = YES;
				GCC_WARN_UNINITIALIZED_AUTOS = YES_AGGRESSIVE;
				GCC_WARN_UNUSED_FUNCTION = YES;
				GCC_WARN_UNUSED_VARIABLE = YES;
				IPHONEOS_DEPLOYMENT_TARGET = 13.2;
				MTL_ENABLE_DEBUG_INFO = NO;
				MTL_FAST_MATH = YES;
				SDKROOT = iphoneos;
				SWIFT_COMPILATION_MODE = wholemodule;
				SWIFT_OPTIMIZATION_LEVEL = "-O";
				VALIDATE_PRODUCT = YES;
			};
			name = Release;
		};
		313EAE022404E8B50003C940 /* Debug */ = {
			isa = XCBuildConfiguration;
			buildSettings = {
				ASSETCATALOG_COMPILER_APPICON_NAME = AppIcon;
				CODE_SIGN_STYLE = Automatic;
				DEVELOPMENT_TEAM = 73M99JPMHG;
				INFOPLIST_FILE = PhotosMultiSelect/Info.plist;
				LD_RUNPATH_SEARCH_PATHS = (
					"$(inherited)",
					"@executable_path/Frameworks",
				);
				PRODUCT_BUNDLE_IDENTIFIER = net.grassrunners.PhotosMultiSelect;
				PRODUCT_NAME = "$(TARGET_NAME)";
				SWIFT_VERSION = 5.0;
				TARGETED_DEVICE_FAMILY = "1,2";
			};
			name = Debug;
		};
		313EAE032404E8B50003C940 /* Release */ = {
			isa = XCBuildConfiguration;
			buildSettings = {
				ASSETCATALOG_COMPILER_APPICON_NAME = AppIcon;
				CODE_SIGN_STYLE = Automatic;
				DEVELOPMENT_TEAM = 73M99JPMHG;
				INFOPLIST_FILE = PhotosMultiSelect/Info.plist;
				LD_RUNPATH_SEARCH_PATHS = (
					"$(inherited)",
					"@executable_path/Frameworks",
				);
				PRODUCT_BUNDLE_IDENTIFIER = net.grassrunners.PhotosMultiSelect;
				PRODUCT_NAME = "$(TARGET_NAME)";
				SWIFT_VERSION = 5.0;
				TARGETED_DEVICE_FAMILY = "1,2";
			};
			name = Release;
		};
/* End XCBuildConfiguration section */

/* Begin XCConfigurationList section */
		313EADE82404E8B20003C940 /* Build configuration list for PBXProject "PhotosMultiSelect" */ = {
			isa = XCConfigurationList;
			buildConfigurations = (
				313EADFF2404E8B50003C940 /* Debug */,
				313EAE002404E8B50003C940 /* Release */,
			);
			defaultConfigurationIsVisible = 0;
			defaultConfigurationName = Release;
		};
		313EAE012404E8B50003C940 /* Build configuration list for PBXNativeTarget "PhotosMultiSelect" */ = {
			isa = XCConfigurationList;
			buildConfigurations = (
				313EAE022404E8B50003C940 /* Debug */,
				313EAE032404E8B50003C940 /* Release */,
			);
			defaultConfigurationIsVisible = 0;
			defaultConfigurationName = Release;
		};
/* End XCConfigurationList section */
	};
	rootObject = 313EADE52404E8B20003C940 /* Project object */;
}
